
Microsoft Visual Studio Solution File, Format Version 12.00
# Visual Studio Version 17
VisualStudioVersion = 17.10.35122.118
MinimumVisualStudioVersion = 10.0.40219.1
Project("{FAE04EC0-301F-11D3-BF4B-00C04F79EFBC}") = "LisenceDepartment", "LisenceDepartment\LisenceDepartment.csproj", "{D929ED96-12E5-4D35-A07A-4FFC5DD4CFB3}"
EndProject
Global
	GlobalSection(SolutionConfigurationPlatforms) = preSolution
		Debug|Any CPU = Debug|Any CPU
		Release|Any CPU = Release|Any CPU
	EndGlobalSection
	GlobalSection(ProjectConfigurationPlatforms) = postSolution
		{D929ED96-12E5-4D35-A07A-4FFC5DD4CFB3}.Debug|Any CPU.ActiveCfg = Debug|Any CPU
		{D929ED96-12E5-4D35-A07A-4FFC5DD4CFB3}.Debug|Any CPU.Build.0 = Debug|Any CPU
		{D929ED96-12E5-4D35-A07A-4FFC5DD4CFB3}.Release|Any CPU.ActiveCfg = Release|Any CPU
		{D929ED96-12E5-4D35-A07A-4FFC5DD4CFB3}.Release|Any CPU.Build.0 = Release|Any CPU
	EndGlobalSection
	GlobalSection(SolutionProperties) = preSolution
		HideSolutionNode = FALSE
	EndGlobalSection
	GlobalSection(ExtensibilityGlobals) = postSolution
		SolutionGuid = {91C99EB3-E870-493E-B55A-1FF972DEE608}
	EndGlobalSection
EndGlobal
